
Microsoft Visual Studio Solution File, Format Version 12.00
# Visual Studio Version 17
VisualStudioVersion = 17.4.33213.308
MinimumVisualStudioVersion = 10.0.40219.1
Project("{FAE04EC0-301F-11D3-BF4B-00C04F79EFBC}") = "FoodDeliveryApplication", "FoodDeliveryApplication.csproj", "{FDA1A816-6C8C-4663-9F11-6504B311B414}"
EndProject
Global
	GlobalSection(SolutionConfigurationPlatforms) = preSolution
		Debug|Any CPU = Debug|Any CPU
		Release|Any CPU = Release|Any CPU
	EndGlobalSection
	GlobalSection(ProjectConfigurationPlatforms) = postSolution
		{FDA1A816-6C8C-4663-9F11-6504B311B414}.Debug|Any CPU.ActiveCfg = Debug|Any CPU
		{FDA1A816-6C8C-4663-9F11-6504B311B414}.Debug|Any CPU.Build.0 = Debug|Any CPU
		{FDA1A816-6C8C-4663-9F11-6504B311B414}.Release|Any CPU.ActiveCfg = Release|Any CPU
		{FDA1A816-6C8C-4663-9F11-6504B311B414}.Release|Any CPU.Build.0 = Release|Any CPU
	EndGlobalSection
	GlobalSection(SolutionProperties) = preSolution
		HideSolutionNode = FALSE
	EndGlobalSection
	GlobalSection(ExtensibilityGlobals) = postSolution
		SolutionGuid = {90462A81-8870-452C-9D77-88DE2343C161}
	EndGlobalSection
EndGlobal
